
Microsoft Visual Studio Solution File, Format Version 12.00
# Visual Studio Version 16
VisualStudioVersion = 16.0.30503.244
MinimumVisualStudioVersion = 10.0.40219.1
Project("{FAE04EC0-301F-11D3-BF4B-00C04F79EFBC}") = "Nocla.Android", "Nocla.Android\Nocla.Android.csproj", "{72DD0B52-76F4-4172-ADEC-9C55675655A5}"
EndProject
Project("{FAE04EC0-301F-11D3-BF4B-00C04F79EFBC}") = "Nocla.iOS", "Nocla.iOS\Nocla.iOS.csproj", "{58D057F3-56E4-4D84-B0A4-A88D1ED5E7A0}"
EndProject
Project("{9A19103F-16F7-4668-BE54-9A1E7A4F7556}") = "Nocla", "Nocla\Nocla.csproj", "{F3F1E251-1BDF-44C3-B7BF-00D817825B14}"
EndProject
Project("{FAE04EC0-301F-11D3-BF4B-00C04F79EFBC}") = "NoclaMsg", "NoclaMsg\NoclaMsg.csproj", "{7F469F1C-8137-4642-86D6-66B7AA880C1D}"
EndProject
Global
	GlobalSection(SolutionConfigurationPlatforms) = preSolution
		Debug|Any CPU = Debug|Any CPU
		Debug|iPhone = Debug|iPhone
		Debug|iPhoneSimulator = Debug|iPhoneSimulator
		Release|Any CPU = Release|Any CPU
		Release|iPhone = Release|iPhone
		Release|iPhoneSimulator = Release|iPhoneSimulator
	EndGlobalSection
	GlobalSection(ProjectConfigurationPlatforms) = postSolution
		{72DD0B52-76F4-4172-ADEC-9C55675655A5}.Debug|Any CPU.ActiveCfg = Debug|Any CPU
		{72DD0B52-76F4-4172-ADEC-9C55675655A5}.Debug|Any CPU.Build.0 = Debug|Any CPU
		{72DD0B52-76F4-4172-ADEC-9C55675655A5}.Debug|Any CPU.Deploy.0 = Debug|Any CPU
		{72DD0B52-76F4-4172-ADEC-9C55675655A5}.Debug|iPhone.ActiveCfg = Debug|Any CPU
		{72DD0B52-76F4-4172-ADEC-9C55675655A5}.Debug|iPhone.Build.0 = Debug|Any CPU
		{72DD0B52-76F4-4172-ADEC-9C55675655A5}.Debug|iPhone.Deploy.0 = Debug|Any CPU
		{72DD0B52-76F4-4172-ADEC-9C55675655A5}.Debug|iPhoneSimulator.ActiveCfg = Debug|Any CPU
		{72DD0B52-76F4-4172-ADEC-9C55675655A5}.Debug|iPhoneSimulator.Build.0 = Debug|Any CPU
		{72DD0B52-76F4-4172-ADEC-9C55675655A5}.Debug|iPhoneSimulator.Deploy.0 = Debug|Any CPU
		{72DD0B52-76F4-4172-ADEC-9C55675655A5}.Release|Any CPU.ActiveCfg = Release|Any CPU
		{72DD0B52-76F4-4172-ADEC-9C55675655A5}.Release|Any CPU.Build.0 = Release|Any CPU
		{72DD0B52-76F4-4172-ADEC-9C55675655A5}.Release|Any CPU.Deploy.0 = Release|Any CPU
		{72DD0B52-76F4-4172-ADEC-9C55675655A5}.Release|iPhone.ActiveCfg = Release|Any CPU
		{72DD0B52-76F4-4172-ADEC-9C55675655A5}.Release|iPhone.Build.0 = Release|Any CPU
		{72DD0B52-76F4-4172-ADEC-9C55675655A5}.Release|iPhone.Deploy.0 = Release|Any CPU
		{72DD0B52-76F4-4172-ADEC-9C55675655A5}.Release|iPhoneSimulator.ActiveCfg = Release|Any CPU
		{72DD0B52-76F4-4172-ADEC-9C55675655A5}.Release|iPhoneSimulator.Build.0 = Release|Any CPU
		{72DD0B52-76F4-4172-ADEC-9C55675655A5}.Release|iPhoneSimulator.Deploy.0 = Release|Any CPU
		{58D057F3-56E4-4D84-B0A4-A88D1ED5E7A0}.Debug|Any CPU.ActiveCfg = Debug|iPhone
		{58D057F3-56E4-4D84-B0A4-A88D1ED5E7A0}.Debug|Any CPU.Build.0 = Debug|iPhone
		{58D057F3-56E4-4D84-B0A4-A88D1ED5E7A0}.Debug|Any CPU.Deploy.0 = Debug|iPhone
		{58D057F3-56E4-4D84-B0A4-A88D1ED5E7A0}.Debug|iPhone.ActiveCfg = Debug|iPhone
		{58D057F3-56E4-4D84-B0A4-A88D1ED5E7A0}.Debug|iPhone.Build.0 = Debug|iPhone
		{58D057F3-56E4-4D84-B0A4-A88D1ED5E7A0}.Debug|iPhone.Deploy.0 = Debug|iPhone
		{58D057F3-56E4-4D84-B0A4-A88D1ED5E7A0}.Debug|iPhoneSimulator.ActiveCfg = Debug|iPhoneSimulator
		{58D057F3-56E4-4D84-B0A4-A88D1ED5E7A0}.Debug|iPhoneSimulator.Build.0 = Debug|iPhoneSimulator
		{58D057F3-56E4-4D84-B0A4-A88D1ED5E7A0}.Debug|iPhoneSimulator.Deploy.0 = Debug|iPhoneSimulator
		{58D057F3-56E4-4D84-B0A4-A88D1ED5E7A0}.Release|Any CPU.ActiveCfg = Release|iPhoneSimulator
		{58D057F3-56E4-4D84-B0A4-A88D1ED5E7A0}.Release|Any CPU.Build.0 = Release|iPhoneSimulator
		{58D057F3-56E4-4D84-B0A4-A88D1ED5E7A0}.Release|Any CPU.Deploy.0 = Release|iPhoneSimulator
		{58D057F3-56E4-4D84-B0A4-A88D1ED5E7A0}.Release|iPhone.ActiveCfg = Release|iPhone
		{58D057F3-56E4-4D84-B0A4-A88D1ED5E7A0}.Release|iPhone.Build.0 = Release|iPhone
		{58D057F3-56E4-4D84-B0A4-A88D1ED5E7A0}.Release|iPhone.Deploy.0 = Release|iPhone
		{58D057F3-56E4-4D84-B0A4-A88D1ED5E7A0}.Release|iPhoneSimulator.ActiveCfg = Release|iPhoneSimulator
		{58D057F3-56E4-4D84-B0A4-A88D1ED5E7A0}.Release|iPhoneSimulator.Build.0 = Release|iPhoneSimulator
		{58D057F3-56E4-4D84-B0A4-A88D1ED5E7A0}.Release|iPhoneSimulator.Deploy.0 = Release|iPhoneSimulator
		{F3F1E251-1BDF-44C3-B7BF-00D817825B14}.Debug|Any CPU.ActiveCfg = Debug|Any CPU
		{F3F1E251-1BDF-44C3-B7BF-00D817825B14}.Debug|Any CPU.Build.0 = Debug|Any CPU
		{F3F1E251-1BDF-44C3-B7BF-00D817825B14}.Debug|Any CPU.Deploy.0 = Debug|Any CPU
		{F3F1E251-1BDF-44C3-B7BF-00D817825B14}.Debug|iPhone.ActiveCfg = Debug|Any CPU
		{F3F1E251-1BDF-44C3-B7BF-00D817825B14}.Debug|iPhone.Build.0 = Debug|Any CPU
		{F3F1E251-1BDF-44C3-B7BF-00D817825B14}.Debug|iPhone.Deploy.0 = Debug|Any CPU
		{F3F1E251-1BDF-44C3-B7BF-00D817825B14}.Debug|iPhoneSimulator.ActiveCfg = Debug|Any CPU
		{F3F1E251-1BDF-44C3-B7BF-00D817825B14}.Debug|iPhoneSimulator.Build.0 = Debug|Any CPU
		{F3F1E251-1BDF-44C3-B7BF-00D817825B14}.Debug|iPhoneSimulator.Deploy.0 = Debug|Any CPU
		{F3F1E251-1BDF-44C3-B7BF-00D817825B14}.Release|Any CPU.ActiveCfg = Release|Any CPU
		{F3F1E251-1BDF-44C3-B7BF-00D817825B14}.Release|Any CPU.Build.0 = Release|Any CPU
		{F3F1E251-1BDF-44C3-B7BF-00D817825B14}.Release|Any CPU.Deploy.0 = Release|Any CPU
		{F3F1E251-1BDF-44C3-B7BF-00D817825B14}.Release|iPhone.ActiveCfg = Release|Any CPU
		{F3F1E251-1BDF-44C3-B7BF-00D817825B14}.Release|iPhone.Build.0 = Release|Any CPU
		{F3F1E251-1BDF-44C3-B7BF-00D817825B14}.Release|iPhone.Deploy.0 = Release|Any CPU
		{F3F1E251-1BDF-44C3-B7BF-00D817825B14}.Release|iPhoneSimulator.ActiveCfg = Release|Any CPU
		{F3F1E251-1BDF-44C3-B7BF-00D817825B14}.Release|iPhoneSimulator.Build.0 = Release|Any CPU
		{F3F1E251-1BDF-44C3-B7BF-00D817825B14}.Release|iPhoneSimulator.Deploy.0 = Release|Any CPU
		{7F469F1C-8137-4642-86D6-66B7AA880C1D}.Debug|Any CPU.ActiveCfg = Debug|Any CPU
		{7F469F1C-8137-4642-86D6-66B7AA880C1D}.Debug|Any CPU.Build.0 = Debug|Any CPU
		{7F469F1C-8137-4642-86D6-66B7AA880C1D}.Debug|iPhone.ActiveCfg = Debug|Any CPU
		{7F469F1C-8137-4642-86D6-66B7AA880C1D}.Debug|iPhone.Build.0 = Debug|Any CPU
		{7F469F1C-8137-4642-86D6-66B7AA880C1D}.Debug|iPhoneSimulator.ActiveCfg = Debug|Any CPU
		{7F469F1C-8137-4642-86D6-66B7AA880C1D}.Debug|iPhoneSimulator.Build.0 = Debug|Any CPU
		{7F469F1C-8137-4642-86D6-66B7AA880C1D}.Release|Any CPU.ActiveCfg = Release|Any CPU
		{7F469F1C-8137-4642-86D6-66B7AA880C1D}.Release|Any CPU.Build.0 = Release|Any CPU
		{7F469F1C-8137-4642-86D6-66B7AA880C1D}.Release|iPhone.ActiveCfg = Release|Any CPU
		{7F469F1C-8137-4642-86D6-66B7AA880C1D}.Release|iPhone.Build.0 = Release|Any CPU
		{7F469F1C-8137-4642-86D6-66B7AA880C1D}.Release|iPhoneSimulator.ActiveCfg = Release|Any CPU
		{7F469F1C-8137-4642-86D6-66B7AA880C1D}.Release|iPhoneSimulator.Build.0 = Release|Any CPU
	EndGlobalSection
	GlobalSection(SolutionProperties) = preSolution
		HideSolutionNode = FALSE
	EndGlobalSection
	GlobalSection(ExtensibilityGlobals) = postSolution
		SolutionGuid = {5FDBB9B8-AB4D-4A3B-B1C9-E8ABA9349854}
	EndGlobalSection
EndGlobal
